<?xml version="1.0" encoding="utf-8"?>
<Project ToolsVersion="4.0" xmlns="http://schemas.microsoft.com/developer/msbuild/2003">
  <ItemGroup>
    <Filter Include="Source Files">
      <UniqueIdentifier>{4FC737F1-C7A5-4376-A066-2A32D752A2FF}</UniqueIdentifier>
      <Extensions>cpp;c;cc;cxx;def;odl;idl;hpj;bat;asm;asmx</Extensions>
    </Filter>
    <Filter Include="Header Files">
      <UniqueIdentifier>{93995380-89BD-4b04-88EB-625FBE52EBFB}</UniqueIdentifier>
      <Extensions>h;hh;hpp;hxx;hm;inl;inc;xsd</Extensions>
    </Filter>
    <Filter Include="Resource Files">
      <UniqueIdentifier>{67DA6AB6-F800-4c08-8B7A-83BB121AAD01}</UniqueIdentifier>
      <Extensions>rc;ico;cur;bmp;dlg;rc2;rct;bin;rgs;gif;jpg;jpeg;jpe;resx;tiff;tif;png;wav;mfcribbon-ms</Extensions>
    </Filter>
    <Filter Include="Header Files\SQL">
      <UniqueIdentifier>{5521da61-b438-4be9-9df5-18677ea2219f}</UniqueIdentifier>
    </Filter>
    <Filter Include="Header Files\Networking">
      <UniqueIdentifier>{3e04875a-f971-40b3-a128-afbbe9bc1eb0}</UniqueIdentifier>
    </Filter>
    <Filter Include="Source Files\Networking">
      <UniqueIdentifier>{9e393014-d0ca-4cf8-be81-2239304cbb87}</UniqueIdentifier>
    </Filter>
    <Filter Include="Source Files\SQL">
      <UniqueIdentifier>{c78d4c10-97db-41ed-a356-9f9f411fef8b}</UniqueIdentifier>
    </Filter>
    <Filter Include="Source Files\Gameplay">
      <UniqueIdentifier>{4de5e3e8-87b4-4bbe-8369-3f346ac76ac5}</UniqueIdentifier>
    </Filter>
    <Filter Include="Header Files\Gameplay">
      <UniqueIdentifier>{5e0ecbab-08a5-4291-a5c8-8933d3ee1fbb}</UniqueIdentifier>
    </Filter>
    <Filter Include="Source Files\SQL\User">
      <UniqueIdentifier>{1e1ebad3-9df0-43fb-9161-b24fc698c5b0}</UniqueIdentifier>
    </Filter>
    <Filter Include="Header Files\SQL\User">
      <UniqueIdentifier>{05aa4fbe-1c97-4b3a-9d22-c8a594c8b396}</UniqueIdentifier>
    </Filter>
  </ItemGroup>
  <ItemGroup>
    <ClInclude Include="Client.h">
      <Filter>Header Files\Networking</Filter>
    </ClInclude>
    <ClInclude Include="Server.h">
      <Filter>Header Files\Networking</Filter>
    </ClInclude>
    <ClInclude Include="PacketType.h">
      <Filter>Header Files\Networking</Filter>
    </ClInclude>
    <ClInclude Include="PacketHandler.h">
      <Filter>Header Files\Networking</Filter>
    </ClInclude>
    <ClInclude Include="ClientProcessor.h">
      <Filter>Header Files\Networking</Filter>
    </ClInclude>
    <ClInclude Include="Cards.h">
      <Filter>Header Files\Gameplay</Filter>
    </ClInclude>
    <ClInclude Include="PokerRanker.h">
      <Filter>Header Files\Gameplay</Filter>
    </ClInclude>
    <ClInclude Include="Player.h">
      <Filter>Header Files\Gameplay</Filter>
    </ClInclude>
    <ClInclude Include="Dealer.h">
      <Filter>Header Files\Gameplay</Filter>
    </ClInclude>
    <ClInclude Include="DBConnection.h">
      <Filter>Header Files\SQL</Filter>
    </ClInclude>
    <ClInclude Include="UserAccount.h">
      <Filter>Source Files\SQL\User</Filter>
    </ClInclude>
    <ClInclude Include="ELORanker.h">
      <Filter>Header Files\Gameplay</Filter>
    </ClInclude>
  </ItemGroup>
  <ItemGroup>
    <ClCompile Include="Server.cpp">
      <Filter>Source Files\Networking</Filter>
    </ClCompile>
    <ClCompile Include="Client.cpp">
      <Filter>Source Files\Networking</Filter>
    </ClCompile>
    <ClCompile Include="PacketHandler.cpp">
      <Filter>Source Files\Networking</Filter>
    </ClCompile>
    <ClCompile Include="PokerRanker.cpp">
      <Filter>Source Files\Gameplay</Filter>
    </ClCompile>
    <ClCompile Include="Dealer.cpp">
      <Filter>Source Files\Gameplay</Filter>
    </ClCompile>
    <ClCompile Include="DBConnection.cpp">
      <Filter>Source Files\SQL</Filter>
    </ClCompile>
    <ClCompile Include="ELORanker.cpp">
      <Filter>Source Files\Gameplay</Filter>
    </ClCompile>
    <ClCompile Include="Player.cpp">
      <Filter>Source Files\Gameplay</Filter>
    </ClCompile>
  </ItemGroup>
</Project>